
Microsoft Visual Studio Solution File, Format Version 12.00
# Visual Studio Version 17
VisualStudioVersion = 17.14.36301.6 d17.14
MinimumVisualStudioVersion = 10.0.40219.1
Project("{FAE04EC0-301F-11D3-BF4B-00C04F79EFBC}") = "DataGenerator", "DataGenerator\DataGenerator.csproj", "{51BC0EDE-9F27-4181-A67D-626A5877FBF9}"
EndProject
Global
	GlobalSection(SolutionConfigurationPlatforms) = preSolution
		Debug|Any CPU = Debug|Any CPU
		Release|Any CPU = Release|Any CPU
	EndGlobalSection
	GlobalSection(ProjectConfigurationPlatforms) = postSolution
		{51BC0EDE-9F27-4181-A67D-626A5877FBF9}.Debug|Any CPU.ActiveCfg = Debug|Any CPU
		{51BC0EDE-9F27-4181-A67D-626A5877FBF9}.Debug|Any CPU.Build.0 = Debug|Any CPU
		{51BC0EDE-9F27-4181-A67D-626A5877FBF9}.Release|Any CPU.ActiveCfg = Release|Any CPU
		{51BC0EDE-9F27-4181-A67D-626A5877FBF9}.Release|Any CPU.Build.0 = Release|Any CPU
	EndGlobalSection
	GlobalSection(SolutionProperties) = preSolution
		HideSolutionNode = FALSE
	EndGlobalSection
	GlobalSection(ExtensibilityGlobals) = postSolution
		SolutionGuid = {A0A51DA1-54AB-416E-8E27-465B517A2B77}
	EndGlobalSection
EndGlobal
